
Microsoft Visual Studio Solution File, Format Version 12.00
# Visual Studio 15
VisualStudioVersion = 15.0.28307.572
MinimumVisualStudioVersion = 10.0.40219.1
Project("{9A19103F-16F7-4668-BE54-9A1E7A4F7556}") = "hcApp2", "hcApp2\hcApp2.csproj", "{77EBC389-9A0D-4136-AED4-8436DD771175}"
EndProject
Project("{9A19103F-16F7-4668-BE54-9A1E7A4F7556}") = "WebapiTest", "hcApp2Test\WebapiTest.csproj", "{8F29370E-72AE-4FBA-9559-8E83FC16F723}"
EndProject
Global
	GlobalSection(SolutionConfigurationPlatforms) = preSolution
		Debug|Any CPU = Debug|Any CPU
		Release|Any CPU = Release|Any CPU
	EndGlobalSection
	GlobalSection(ProjectConfigurationPlatforms) = postSolution
		{77EBC389-9A0D-4136-AED4-8436DD771175}.Debug|Any CPU.ActiveCfg = Debug|Any CPU
		{77EBC389-9A0D-4136-AED4-8436DD771175}.Debug|Any CPU.Build.0 = Debug|Any CPU
		{77EBC389-9A0D-4136-AED4-8436DD771175}.Release|Any CPU.ActiveCfg = Release|Any CPU
		{77EBC389-9A0D-4136-AED4-8436DD771175}.Release|Any CPU.Build.0 = Release|Any CPU
		{8F29370E-72AE-4FBA-9559-8E83FC16F723}.Debug|Any CPU.ActiveCfg = Debug|Any CPU
		{8F29370E-72AE-4FBA-9559-8E83FC16F723}.Debug|Any CPU.Build.0 = Debug|Any CPU
		{8F29370E-72AE-4FBA-9559-8E83FC16F723}.Release|Any CPU.ActiveCfg = Release|Any CPU
		{8F29370E-72AE-4FBA-9559-8E83FC16F723}.Release|Any CPU.Build.0 = Release|Any CPU
	EndGlobalSection
	GlobalSection(SolutionProperties) = preSolution
		HideSolutionNode = FALSE
	EndGlobalSection
	GlobalSection(ExtensibilityGlobals) = postSolution
		SolutionGuid = {A4D09E49-5B72-48DF-9D89-84F30DB38C1A}
	EndGlobalSection
EndGlobal
